<?xml version="1.0" encoding="utf-8"?>
<Project ToolsVersion="4.0" xmlns="http://schemas.microsoft.com/developer/msbuild/2003">
  <ItemGroup>
    <Filter Include="Generated Files">
      <UniqueIdentifier>{71ED8ED8-ACB9-4CE9-BBE1-E00B30144E11}</UniqueIdentifier>
      <Extensions>cpp;c;cxx;moc;h;def;odl;idl;res;</Extensions>
    </Filter>
    <Filter Include="Generated Files">
      <UniqueIdentifier>{71ED8ED8-ACB9-4CE9-BBE1-E00B30144E11}</UniqueIdentifier>
      <Extensions>cpp;c;cxx;moc;h;def;odl;idl;res;</Extensions>
    </Filter>
    <Filter Include="Header Files">
      <UniqueIdentifier>{93995380-89BD-4b04-88EB-625FBE52EBFB}</UniqueIdentifier>
      <Extensions>h;hpp;hxx;hm;inl;inc;xsd</Extensions>
    </Filter>
    <Filter Include="Header Files">
      <UniqueIdentifier>{93995380-89BD-4b04-88EB-625FBE52EBFB}</UniqueIdentifier>
      <Extensions>h;hpp;hxx;hm;inl;inc;xsd</Extensions>
    </Filter>
    <Filter Include="Source Files">
      <UniqueIdentifier>{4FC737F1-C7A5-4376-A066-2A32D752A2FF}</UniqueIdentifier>
      <Extensions>cpp;c;cxx;def;odl;idl;hpj;bat;asm;asmx</Extensions>
    </Filter>
    <Filter Include="Source Files">
      <UniqueIdentifier>{4FC737F1-C7A5-4376-A066-2A32D752A2FF}</UniqueIdentifier>
      <Extensions>cpp;c;cxx;def;odl;idl;hpj;bat;asm;asmx</Extensions>
    </Filter>
    <Filter Include="Generated Files\Debug">
      <UniqueIdentifier>{42893f5a-4969-413b-8950-96c42b99bd97}</UniqueIdentifier>
      <Extensions>cpp;moc</Extensions>
      <SourceControlFiles>False</SourceControlFiles>
    </Filter>
    <Filter Include="Generated Files\Release">
      <UniqueIdentifier>{557af837-f51d-4c95-b4dc-c8b2a6d5a7bb}</UniqueIdentifier>
      <Extensions>cpp;moc</Extensions>
      <SourceControlFiles>False</SourceControlFiles>
    </Filter>
  </ItemGroup>
  <ItemGroup>
    <ClCompile Include="..\resources\clsevent.cpp">
      <Filter>Source Files</Filter>
    </ClCompile>
    <ClCompile Include="..\resources\clslog.cpp">
      <Filter>Source Files</Filter>
    </ClCompile>
    <ClCompile Include="clssettings.cpp">
      <Filter>Source Files</Filter>
    </ClCompile>
    <ClCompile Include="..\resources\events\eventchat.cpp">
      <Filter>Source Files</Filter>
    </ClCompile>
    <ClCompile Include="..\resources\events\eventservermessage.cpp">
      <Filter>Source Files</Filter>
    </ClCompile>
    <ClCompile Include="..\resources\events\eventuserchangenick.cpp">
      <Filter>Source Files</Filter>
    </ClCompile>
    <ClCompile Include="..\resources\events\eventuserchangestatus.cpp">
      <Filter>Source Files</Filter>
    </ClCompile>
    <ClCompile Include="..\resources\events\eventuserjoin.cpp">
      <Filter>Source Files</Filter>
    </ClCompile>
    <ClCompile Include="..\resources\events\eventuserleave.cpp">
      <Filter>Source Files</Filter>
    </ClCompile>
    <ClCompile Include="functions.cpp">
      <Filter>Source Files</Filter>
    </ClCompile>
    <ClCompile Include="ircclient.cpp">
      <Filter>Source Files</Filter>
    </ClCompile>
    <ClCompile Include="ircuser.cpp">
      <Filter>Source Files</Filter>
    </ClCompile>
    <ClCompile Include="..\resources\json.cpp">
      <Filter>Source Files</Filter>
    </ClCompile>
    <ClCompile Include="..\resources\jsoncommand.cpp">
      <Filter>Source Files</Filter>
    </ClCompile>
    <ClCompile Include="main.cpp">
      <Filter>Source Files</Filter>
    </ClCompile>
    <ClCompile Include="mainapp.cpp">
      <Filter>Source Files</Filter>
    </ClCompile>
    <ClCompile Include="uiclient.cpp">
      <Filter>Source Files</Filter>
    </ClCompile>
    <ClCompile Include="uiserver.cpp">
      <Filter>Source Files</Filter>
    </ClCompile>
    <ClCompile Include="Debug\moc_ircclient.cpp">
      <Filter>Generated Files\Debug</Filter>
    </ClCompile>
    <ClCompile Include="Release\moc_ircclient.cpp">
      <Filter>Generated Files\Release</Filter>
    </ClCompile>
    <ClCompile Include="Debug\moc_mainapp.cpp">
      <Filter>Generated Files\Debug</Filter>
    </ClCompile>
    <ClCompile Include="Release\moc_mainapp.cpp">
      <Filter>Generated Files\Release</Filter>
    </ClCompile>
    <ClCompile Include="Debug\moc_uiclient.cpp">
      <Filter>Generated Files\Debug</Filter>
    </ClCompile>
    <ClCompile Include="Release\moc_uiclient.cpp">
      <Filter>Generated Files\Release</Filter>
    </ClCompile>
    <ClCompile Include="Debug\moc_uiserver.cpp">
      <Filter>Generated Files\Debug</Filter>
    </ClCompile>
    <ClCompile Include="Release\moc_uiserver.cpp">
      <Filter>Generated Files\Release</Filter>
    </ClCompile>
  </ItemGroup>
  <ItemGroup>
    <ClInclude Include="..\resources\clsevent.h">
      <Filter>Header Files</Filter>
    </ClInclude>
    <ClInclude Include="..\resources\clslog.h">
      <Filter>Header Files</Filter>
    </ClInclude>
    <ClInclude Include="clssettings.h">
      <Filter>Header Files</Filter>
    </ClInclude>
    <ClInclude Include="..\resources\events\eventchat.h">
      <Filter>Header Files</Filter>
    </ClInclude>
    <ClInclude Include="..\resources\events\events.h">
      <Filter>Header Files</Filter>
    </ClInclude>
    <ClInclude Include="..\resources\events\eventservermessage.h">
      <Filter>Header Files</Filter>
    </ClInclude>
    <ClInclude Include="..\resources\events\eventuserchangenick.h">
      <Filter>Header Files</Filter>
    </ClInclude>
    <ClInclude Include="..\resources\events\eventuserchangestatus.h">
      <Filter>Header Files</Filter>
    </ClInclude>
    <ClInclude Include="..\resources\events\eventuserjoin.h">
      <Filter>Header Files</Filter>
    </ClInclude>
    <ClInclude Include="..\resources\events\eventuserleave.h">
      <Filter>Header Files</Filter>
    </ClInclude>
    <ClInclude Include="functions.h">
      <Filter>Header Files</Filter>
    </ClInclude>
    <ClInclude Include="ircCodes.h">
      <Filter>Header Files</Filter>
    </ClInclude>
    <CustomBuild Include="ircclient.h">
      <Filter>Header Files</Filter>
    </CustomBuild>
    <ClInclude Include="ircuser.h">
      <Filter>Header Files</Filter>
    </ClInclude>
    <ClInclude Include="..\resources\json.h">
      <Filter>Header Files</Filter>
    </ClInclude>
    <ClInclude Include="..\resources\jsoncommand.h">
      <Filter>Header Files</Filter>
    </ClInclude>
    <CustomBuild Include="mainapp.h">
      <Filter>Header Files</Filter>
    </CustomBuild>
    <CustomBuild Include="uiclient.h">
      <Filter>Header Files</Filter>
    </CustomBuild>
    <CustomBuild Include="uiserver.h">
      <Filter>Header Files</Filter>
    </CustomBuild>
  </ItemGroup>
</Project>