<?xml version="1.0" encoding="utf-8"?>
<Project ToolsVersion="4.0" xmlns="http://schemas.microsoft.com/developer/msbuild/2003">
  <ItemGroup>
    <Filter Include="Form Files">
      <UniqueIdentifier>{99349809-55BA-4b9d-BF79-8FDBB0286EB3}</UniqueIdentifier>
      <Extensions>ui</Extensions>
      <ParseFiles>false</ParseFiles>
    </Filter>
    <Filter Include="Form Files">
      <UniqueIdentifier>{99349809-55BA-4b9d-BF79-8FDBB0286EB3}</UniqueIdentifier>
      <Extensions>ui</Extensions>
      <ParseFiles>false</ParseFiles>
    </Filter>
    <Filter Include="Generated Files">
      <UniqueIdentifier>{71ED8ED8-ACB9-4CE9-BBE1-E00B30144E11}</UniqueIdentifier>
      <Extensions>cpp;c;cxx;moc;h;def;odl;idl;res;</Extensions>
    </Filter>
    <Filter Include="Generated Files">
      <UniqueIdentifier>{71ED8ED8-ACB9-4CE9-BBE1-E00B30144E11}</UniqueIdentifier>
      <Extensions>cpp;c;cxx;moc;h;def;odl;idl;res;</Extensions>
    </Filter>
    <Filter Include="Header Files">
      <UniqueIdentifier>{93995380-89BD-4b04-88EB-625FBE52EBFB}</UniqueIdentifier>
      <Extensions>h;hpp;hxx;hm;inl;inc;xsd</Extensions>
    </Filter>
    <Filter Include="Header Files">
      <UniqueIdentifier>{93995380-89BD-4b04-88EB-625FBE52EBFB}</UniqueIdentifier>
      <Extensions>h;hpp;hxx;hm;inl;inc;xsd</Extensions>
    </Filter>
    <Filter Include="Source Files">
      <UniqueIdentifier>{4FC737F1-C7A5-4376-A066-2A32D752A2FF}</UniqueIdentifier>
      <Extensions>cpp;c;cxx;def;odl;idl;hpj;bat;asm;asmx</Extensions>
    </Filter>
    <Filter Include="Source Files">
      <UniqueIdentifier>{4FC737F1-C7A5-4376-A066-2A32D752A2FF}</UniqueIdentifier>
      <Extensions>cpp;c;cxx;def;odl;idl;hpj;bat;asm;asmx</Extensions>
    </Filter>
    <Filter Include="Generated Files\Debug">
      <UniqueIdentifier>{36c781b1-93da-4828-852d-6cff48f0dd31}</UniqueIdentifier>
      <Extensions>cpp;moc</Extensions>
      <SourceControlFiles>False</SourceControlFiles>
    </Filter>
    <Filter Include="Generated Files\Release">
      <UniqueIdentifier>{dd034adb-9b54-4d75-8b6c-7be51cc9e1b7}</UniqueIdentifier>
      <Extensions>cpp;moc</Extensions>
      <SourceControlFiles>False</SourceControlFiles>
    </Filter>
  </ItemGroup>
  <ItemGroup>
    <ClCompile Include="chatbox.cpp">
      <Filter>Source Files</Filter>
    </ClCompile>
    <ClCompile Include="chatentry.cpp">
      <Filter>Source Files</Filter>
    </ClCompile>
    <ClCompile Include="chatinput.cpp">
      <Filter>Source Files</Filter>
    </ClCompile>
    <ClCompile Include="chatnotification.cpp">
      <Filter>Source Files</Filter>
    </ClCompile>
    <ClCompile Include="..\resources\clsevent.cpp">
      <Filter>Source Files</Filter>
    </ClCompile>
    <ClCompile Include="..\resources\clslog.cpp">
      <Filter>Source Files</Filter>
    </ClCompile>
    <ClCompile Include="desktop\clsnotify.cpp">
      <Filter>Source Files</Filter>
    </ClCompile>
    <ClCompile Include="clsserverconn.cpp">
      <Filter>Source Files</Filter>
    </ClCompile>
    <ClCompile Include="clssettings.cpp">
      <Filter>Source Files</Filter>
    </ClCompile>
    <ClCompile Include="desktop\clsuserentry.cpp">
      <Filter>Source Files</Filter>
    </ClCompile>
    <ClCompile Include="desktop\clsuserlist.cpp">
      <Filter>Source Files</Filter>
    </ClCompile>
    <ClCompile Include="ircuser.cpp">
      <Filter>Source Files</Filter>
    </ClCompile>
    <ClCompile Include="..\resources\json.cpp">
      <Filter>Source Files</Filter>
    </ClCompile>
    <ClCompile Include="..\resources\jsoncommand.cpp">
      <Filter>Source Files</Filter>
    </ClCompile>
    <ClCompile Include="main.cpp">
      <Filter>Source Files</Filter>
    </ClCompile>
    <ClCompile Include="mainwindow.cpp">
      <Filter>Source Files</Filter>
    </ClCompile>
    <ClCompile Include="Debug\moc_chatbox.cpp">
      <Filter>Generated Files\Debug</Filter>
    </ClCompile>
    <ClCompile Include="Release\moc_chatbox.cpp">
      <Filter>Generated Files\Release</Filter>
    </ClCompile>
    <ClCompile Include="Debug\moc_chatentry.cpp">
      <Filter>Generated Files\Debug</Filter>
    </ClCompile>
    <ClCompile Include="Release\moc_chatentry.cpp">
      <Filter>Generated Files\Release</Filter>
    </ClCompile>
    <ClCompile Include="Debug\moc_chatinput.cpp">
      <Filter>Generated Files\Debug</Filter>
    </ClCompile>
    <ClCompile Include="Release\moc_chatinput.cpp">
      <Filter>Generated Files\Release</Filter>
    </ClCompile>
    <ClCompile Include="Debug\moc_chatnotification.cpp">
      <Filter>Generated Files\Debug</Filter>
    </ClCompile>
    <ClCompile Include="Release\moc_chatnotification.cpp">
      <Filter>Generated Files\Release</Filter>
    </ClCompile>
    <ClCompile Include="Debug\moc_clsnotify.cpp">
      <Filter>Generated Files\Debug</Filter>
    </ClCompile>
    <ClCompile Include="Release\moc_clsnotify.cpp">
      <Filter>Generated Files\Release</Filter>
    </ClCompile>
    <ClCompile Include="Debug\moc_clsserverconn.cpp">
      <Filter>Generated Files\Debug</Filter>
    </ClCompile>
    <ClCompile Include="Release\moc_clsserverconn.cpp">
      <Filter>Generated Files\Release</Filter>
    </ClCompile>
    <ClCompile Include="Debug\moc_clsuserentry.cpp">
      <Filter>Generated Files\Debug</Filter>
    </ClCompile>
    <ClCompile Include="Release\moc_clsuserentry.cpp">
      <Filter>Generated Files\Release</Filter>
    </ClCompile>
    <ClCompile Include="Debug\moc_clsuserlist.cpp">
      <Filter>Generated Files\Debug</Filter>
    </ClCompile>
    <ClCompile Include="Release\moc_clsuserlist.cpp">
      <Filter>Generated Files\Release</Filter>
    </ClCompile>
    <ClCompile Include="Debug\moc_ircuser.cpp">
      <Filter>Generated Files\Debug</Filter>
    </ClCompile>
    <ClCompile Include="Release\moc_ircuser.cpp">
      <Filter>Generated Files\Release</Filter>
    </ClCompile>
    <ClCompile Include="Debug\moc_mainwindow.cpp">
      <Filter>Generated Files\Debug</Filter>
    </ClCompile>
    <ClCompile Include="Release\moc_mainwindow.cpp">
      <Filter>Generated Files\Release</Filter>
    </ClCompile>
  </ItemGroup>
  <ItemGroup>
    <CustomBuild Include="chatbox.h">
      <Filter>Header Files</Filter>
    </CustomBuild>
    <CustomBuild Include="chatentry.h">
      <Filter>Header Files</Filter>
    </CustomBuild>
    <CustomBuild Include="chatinput.h">
      <Filter>Header Files</Filter>
    </CustomBuild>
    <CustomBuild Include="chatnotification.h">
      <Filter>Header Files</Filter>
    </CustomBuild>
    <CustomBuild Include="..\resources\clsevent.h">
      <Filter>Header Files</Filter>
    </CustomBuild>
    <ClInclude Include="..\resources\clslog.h">
      <Filter>Header Files</Filter>
    </ClInclude>
    <CustomBuild Include="desktop\clsnotify.h">
      <Filter>Header Files</Filter>
    </CustomBuild>
    <CustomBuild Include="clsserverconn.h">
      <Filter>Header Files</Filter>
    </CustomBuild>
    <ClInclude Include="clssettings.h">
      <Filter>Header Files</Filter>
    </ClInclude>
    <CustomBuild Include="desktop\clsuserentry.h">
      <Filter>Header Files</Filter>
    </CustomBuild>
    <CustomBuild Include="desktop\clsuserlist.h">
      <Filter>Header Files</Filter>
    </CustomBuild>
    <CustomBuild Include="ircuser.h">
      <Filter>Header Files</Filter>
    </CustomBuild>
    <ClInclude Include="..\resources\json.h">
      <Filter>Header Files</Filter>
    </ClInclude>
    <ClInclude Include="..\resources\jsoncommand.h">
      <Filter>Header Files</Filter>
    </ClInclude>
    <CustomBuild Include="mainwindow.h">
      <Filter>Header Files</Filter>
    </CustomBuild>
  </ItemGroup>
  <ItemGroup>
    <CustomBuild Include="desktop\chatbox.ui">
      <Filter>Form Files</Filter>
    </CustomBuild>
    <CustomBuild Include="desktop\chatentry.ui">
      <Filter>Form Files</Filter>
    </CustomBuild>
    <CustomBuild Include="desktop\chatnotification.ui">
      <Filter>Form Files</Filter>
    </CustomBuild>
    <CustomBuild Include="desktop\clsuserentry.ui">
      <Filter>Form Files</Filter>
    </CustomBuild>
    <CustomBuild Include="desktop\mainwindow.ui">
      <Filter>Form Files</Filter>
    </CustomBuild>
  </ItemGroup>
  <ItemGroup>
    <ClInclude Include="GeneratedFiles\ui_chatbox.h">
      <Filter>Generated Files</Filter>
    </ClInclude>
    <ClInclude Include="GeneratedFiles\ui_chatentry.h">
      <Filter>Generated Files</Filter>
    </ClInclude>
    <ClInclude Include="GeneratedFiles\ui_chatnotification.h">
      <Filter>Generated Files</Filter>
    </ClInclude>
    <ClInclude Include="GeneratedFiles\ui_clsuserentry.h">
      <Filter>Generated Files</Filter>
    </ClInclude>
    <ClInclude Include="GeneratedFiles\ui_mainwindow.h">
      <Filter>Generated Files</Filter>
    </ClInclude>
  </ItemGroup>
</Project>