
Microsoft Visual Studio Solution File, Format Version 12.00
# Visual Studio 2012
Project("{8BC9CEB8-8B4A-11D0-8D11-00A0C91BC942}") = "customIrcClient_Desktop", "customIrcClient_Desktop.vcxproj", "{F021E541-446B-3E5D-B776-6F3C118FB37C}"
EndProject
Global
	GlobalSection(SolutionConfigurationPlatforms) = preSolution
		Debug|Win32 = Debug|Win32
		Release|Win32 = Release|Win32
	EndGlobalSection
	GlobalSection(ProjectConfigurationPlatforms) = postSolution
		{F021E541-446B-3E5D-B776-6F3C118FB37C}.Debug|Win32.ActiveCfg = Debug|Win32
		{F021E541-446B-3E5D-B776-6F3C118FB37C}.Debug|Win32.Build.0 = Debug|Win32
		{F021E541-446B-3E5D-B776-6F3C118FB37C}.Release|Win32.ActiveCfg = Release|Win32
		{F021E541-446B-3E5D-B776-6F3C118FB37C}.Release|Win32.Build.0 = Release|Win32
	EndGlobalSection
	GlobalSection(SolutionProperties) = preSolution
		HideSolutionNode = FALSE
	EndGlobalSection
EndGlobal
